
Microsoft Visual Studio Solution File, Format Version 12.00
# Visual Studio Version 16
VisualStudioVersion = 16.0.30114.105
MinimumVisualStudioVersion = 10.0.40219.1
Project("{FAE04EC0-301F-11D3-BF4B-00C04F79EFBC}") = "CIBERVET", "CIBERVET\CIBERVET.csproj", "{4573A961-EDE2-41E6-99B6-D679AAAD29BD}"
EndProject
Global
	GlobalSection(SolutionConfigurationPlatforms) = preSolution
		Debug|Any CPU = Debug|Any CPU
		Release|Any CPU = Release|Any CPU
	EndGlobalSection
	GlobalSection(ProjectConfigurationPlatforms) = postSolution
		{4573A961-EDE2-41E6-99B6-D679AAAD29BD}.Debug|Any CPU.ActiveCfg = Debug|Any CPU
		{4573A961-EDE2-41E6-99B6-D679AAAD29BD}.Debug|Any CPU.Build.0 = Debug|Any CPU
		{4573A961-EDE2-41E6-99B6-D679AAAD29BD}.Release|Any CPU.ActiveCfg = Release|Any CPU
		{4573A961-EDE2-41E6-99B6-D679AAAD29BD}.Release|Any CPU.Build.0 = Release|Any CPU
	EndGlobalSection
	GlobalSection(SolutionProperties) = preSolution
		HideSolutionNode = FALSE
	EndGlobalSection
	GlobalSection(ExtensibilityGlobals) = postSolution
		SolutionGuid = {AFCBB1BF-97F0-41C7-B201-386BD1E9584D}
	EndGlobalSection
EndGlobal
